Microsoft Visual Studio Solution File, Format Version 12.00
# Visual Studio Version 17
VisualStudioVersion = 17.5.2.0
MinimumVisualStudioVersion = 10.0.40219.1
Project("{FAE04EC0-301F-11D3-BF4B-00C04F79EFBC}") = "PowerShellService", "PowerShellService\PowerShellService.csproj", "{8A845BA3-FF8E-9F6B-CA8A-3C55A06411C2}"
EndProject
Global
	GlobalSection(SolutionConfigurationPlatforms) = preSolution
		Debug|Any CPU = Debug|Any CPU
		Release|Any CPU = Release|Any CPU
	EndGlobalSection
	GlobalSection(ProjectConfigurationPlatforms) = postSolution
		{8A845BA3-FF8E-9F6B-CA8A-3C55A06411C2}.Debug|Any CPU.ActiveCfg = Debug|Any CPU
		{8A845BA3-FF8E-9F6B-CA8A-3C55A06411C2}.Debug|Any CPU.Build.0 = Debug|Any CPU
		{8A845BA3-FF8E-9F6B-CA8A-3C55A06411C2}.Release|Any CPU.ActiveCfg = Release|Any CPU
		{8A845BA3-FF8E-9F6B-CA8A-3C55A06411C2}.Release|Any CPU.Build.0 = Release|Any CPU
	EndGlobalSection
	GlobalSection(SolutionProperties) = preSolution
		HideSolutionNode = FALSE
	EndGlobalSection
	GlobalSection(ExtensibilityGlobals) = postSolution
		SolutionGuid = {2272EF74-19AC-4DAF-B3C6-94832E237ADC}
	EndGlobalSection
EndGlobal
